
Microsoft Visual Studio Solution File, Format Version 12.00
# Visual Studio Version 17
VisualStudioVersion = 17.9.34607.119
MinimumVisualStudioVersion = 10.0.40219.1
Project("{FAE04EC0-301F-11D3-BF4B-00C04F79EFBC}") = "OpenTK-HelloWorld", "OpenTK-HelloWorld\OpenTK-HelloWorld.csproj", "{B6EA963C-704A-4F35-97E4-47CD5EAEC454}"
EndProject
Global
	GlobalSection(SolutionConfigurationPlatforms) = preSolution
		Debug|Any CPU = Debug|Any CPU
		Release|Any CPU = Release|Any CPU
	EndGlobalSection
	GlobalSection(ProjectConfigurationPlatforms) = postSolution
		{B6EA963C-704A-4F35-97E4-47CD5EAEC454}.Debug|Any CPU.ActiveCfg = Debug|Any CPU
		{B6EA963C-704A-4F35-97E4-47CD5EAEC454}.Debug|Any CPU.Build.0 = Debug|Any CPU
		{B6EA963C-704A-4F35-97E4-47CD5EAEC454}.Release|Any CPU.ActiveCfg = Release|Any CPU
		{B6EA963C-704A-4F35-97E4-47CD5EAEC454}.Release|Any CPU.Build.0 = Release|Any CPU
	EndGlobalSection
	GlobalSection(SolutionProperties) = preSolution
		HideSolutionNode = FALSE
	EndGlobalSection
	GlobalSection(ExtensibilityGlobals) = postSolution
		SolutionGuid = {16B44B91-7F4B-4DFC-9D48-4B21EA43FEE6}
	EndGlobalSection
EndGlobal
